
Microsoft Visual Studio Solution File, Format Version 12.00
# Visual Studio Version 17
VisualStudioVersion = 17.14.36616.10 d17.14
MinimumVisualStudioVersion = 10.0.40219.1
Project("{8BC9CEB8-8B4A-11D0-8D11-00A0C91BC942}") = "10-wuchenchr-4a", "10-wuchenchr-4a\10-wuchenchr-4a.vcxproj", "{CB77A334-20D3-4CD3-BBBB-0F3B4CEEDE64}"
EndProject
Global
	GlobalSection(SolutionConfigurationPlatforms) = preSolution
		Debug|x64 = Debug|x64
		Debug|x86 = Debug|x86
		Release|x64 = Release|x64
		Release|x86 = Release|x86
	EndGlobalSection
	GlobalSection(ProjectConfigurationPlatforms) = postSolution
		{CB77A334-20D3-4CD3-BBBB-0F3B4CEEDE64}.Debug|x64.ActiveCfg = Debug|x64
		{CB77A334-20D3-4CD3-BBBB-0F3B4CEEDE64}.Debug|x64.Build.0 = Debug|x64
		{CB77A334-20D3-4CD3-BBBB-0F3B4CEEDE64}.Debug|x86.ActiveCfg = Debug|Win32
		{CB77A334-20D3-4CD3-BBBB-0F3B4CEEDE64}.Debug|x86.Build.0 = Debug|Win32
		{CB77A334-20D3-4CD3-BBBB-0F3B4CEEDE64}.Release|x64.ActiveCfg = Release|x64
		{CB77A334-20D3-4CD3-BBBB-0F3B4CEEDE64}.Release|x64.Build.0 = Release|x64
		{CB77A334-20D3-4CD3-BBBB-0F3B4CEEDE64}.Release|x86.ActiveCfg = Release|Win32
		{CB77A334-20D3-4CD3-BBBB-0F3B4CEEDE64}.Release|x86.Build.0 = Release|Win32
	EndGlobalSection
	GlobalSection(SolutionProperties) = preSolution
		HideSolutionNode = FALSE
	EndGlobalSection
	GlobalSection(ExtensibilityGlobals) = postSolution
		SolutionGuid = {B425CA6A-B4BB-423D-ABF6-93CC54D74D23}
	EndGlobalSection
EndGlobal
